[[tools.go]]
version = "1.25.1"
backend = "core:go"

[tools.go.platforms.linux-x64]
checksum = "blake3:e599860a0f92c31c24a2c233ea5034cbeaa85efb7094c1e20cf5cf7e09027330"
size = 59660846

[[tools."go:github.com/schollz/croc/v10"]]
version = "v10.2.2"
backend = "go:github.com/schollz/croc/v10"

[[tools.python]]
version = "3.13.7"
backend = "core:python"

[[tools.rust]]
version = "1.89.0"
backend = "core:rust"

[[tools.uv]]
version = "0.8.15"
backend = "aqua:astral-sh/uv"

[tools.uv.platforms.linux-x64]
checksum = "sha256:d0fec58f3124e05e0a1af0f6541abfce4333253cdaf23c7b6bb2e6128bf138ea"
size = 21168091
url = "https://github.com/astral-sh/uv/releases/download/0.8.15/uv-x86_64-unknown-linux-musl.tar.gz"
